
Microsoft Visual Studio Solution File, Format Version 12.00
# Visual Studio Version 16
VisualStudioVersion = 25.0.1704.1
MinimumVisualStudioVersion = 10.0.40219.1
Project("{FAE04EC0-301F-11D3-BF4B-00C04F79EFBC}") = "Rock Paper Scissors Game", "Rock Paper Scissors Game\Rock Paper Scissors Game.csproj", "{CF7CE8B6-9524-4443-B1A6-6549EE6D3DD2}"
EndProject
Global
	GlobalSection(SolutionConfigurationPlatforms) = preSolution
		Debug|Any CPU = Debug|Any CPU
		Release|Any CPU = Release|Any CPU
	EndGlobalSection
	GlobalSection(ProjectConfigurationPlatforms) = postSolution
		{CF7CE8B6-9524-4443-B1A6-6549EE6D3DD2}.Debug|Any CPU.ActiveCfg = Debug|Any CPU
		{CF7CE8B6-9524-4443-B1A6-6549EE6D3DD2}.Debug|Any CPU.Build.0 = Debug|Any CPU
		{CF7CE8B6-9524-4443-B1A6-6549EE6D3DD2}.Release|Any CPU.ActiveCfg = Release|Any CPU
		{CF7CE8B6-9524-4443-B1A6-6549EE6D3DD2}.Release|Any CPU.Build.0 = Release|Any CPU
	EndGlobalSection
	GlobalSection(SolutionProperties) = preSolution
		HideSolutionNode = FALSE
	EndGlobalSection
	GlobalSection(ExtensibilityGlobals) = postSolution
		SolutionGuid = {63718375-E868-4443-A893-F075DE6F7C25}
	EndGlobalSection
EndGlobal
